// !$*UTF8*$!
{
	archiveVersion = 1;
	classes = {
	};
	objectVersion = 56;
	objects = {

/* Begin PBXBuildFile section */
		116C84A0E77F3A401EA98203 /* Pods_training_MVVM.framework in Frameworks */ = {isa = PBXBuildFile; fileRef = 813D29389E7EAFBBD73CB31A /* Pods_training_MVVM.framework */; };
		71121E662909C4EC00A135D3 /* CityAreaTableViewCell.swift in Sources */ = {isa = PBXBuildFile; fileRef = 71121E652909C4EC00A135D3 /* CityAreaTableViewCell.swift */; };
		71121E6A2909C89900A135D3 /* Area.swift in Sources */ = {isa = PBXBuildFile; fileRef = 71121E692909C89900A135D3 /* Area.swift */; };
		7179E32D290F0F2600302785 /* AreaViewController.swift in Sources */ = {isa = PBXBuildFile; fileRef = 7179E32C290F0F2600302785 /* AreaViewController.swift */; };
		71822295290B40DC00043F3F /* District.swift in Sources */ = {isa = PBXBuildFile; fileRef = 71822294290B40DC00043F3F /* District.swift */; };
		71822298290B47E100043F3F /* Moscow Districts.swift in Sources */ = {isa = PBXBuildFile; fileRef = 71822297290B47E100043F3F /* Moscow Districts.swift */; };
		7182229A290B560400043F3F /* MapViewController.swift in Sources */ = {isa = PBXBuildFile; fileRef = 71822299290B560400043F3F /* MapViewController.swift */; };
		7184B4B72909BFDC0051C162 /* AppDelegate.swift in Sources */ = {isa = PBXBuildFile; fileRef = 7184B4B62909BFDC0051C162 /* AppDelegate.swift */; };
		7184B4B92909BFDC0051C162 /* SceneDelegate.swift in Sources */ = {isa = PBXBuildFile; fileRef = 7184B4B82909BFDC0051C162 /* SceneDelegate.swift */; };
		7184B4BB2909BFDC0051C162 /* CityAreasViewController.swift in Sources */ = {isa = PBXBuildFile; fileRef = 7184B4BA2909BFDC0051C162 /* CityAreasViewController.swift */; };
		7184B4C32909BFDD0051C162 /* Assets.xcassets in Resources */ = {isa = PBXBuildFile; fileRef = 7184B4C22909BFDD0051C162 /* Assets.xcassets */; };
		7184B4C62909BFDD0051C162 /* LaunchScreen.storyboard in Resources */ = {isa = PBXBuildFile; fileRef = 7184B4C42909BFDD0051C162 /* LaunchScreen.storyboard */; };
		71C769AF290B258C00722E5E /* UIColor + Hex.swift in Sources */ = {isa = PBXBuildFile; fileRef = 71C769AE290B258C00722E5E /* UIColor + Hex.swift */; };
		71C769B1290B27F400722E5E /* CALayer + Shadow.swift in Sources */ = {isa = PBXBuildFile; fileRef = 71C769B0290B27F400722E5E /* CALayer + Shadow.swift */; };
		71C769B3290B2FC100722E5E /* UIView + Gradient.swift in Sources */ = {isa = PBXBuildFile; fileRef = 71C769B2290B2FC100722E5E /* UIView + Gradient.swift */; };
		71CAAEC42911497E00466C47 /* CityAreaViewModel.swift in Sources */ = {isa = PBXBuildFile; fileRef = 71CAAEC32911497E00466C47 /* CityAreaViewModel.swift */; };
/* End PBXBuildFile section */

/* Begin PBXFileReference section */
		71121E652909C4EC00A135D3 /* CityAreaTableViewCell.swift */ = {isa = PBXFileReference; lastKnownFileType = sourcecode.swift; path = CityAreaTableViewCell.swift; sourceTree = "<group>"; };
		71121E692909C89900A135D3 /* Area.swift */ = {isa = PBXFileReference; lastKnownFileType = sourcecode.swift; path = Area.swift; sourceTree = "<group>"; };
		7179E32C290F0F2600302785 /* AreaViewController.swift */ = {isa = PBXFileReference; lastKnownFileType = sourcecode.swift; path = AreaViewController.swift; sourceTree = "<group>"; };
		71822294290B40DC00043F3F /* District.swift */ = {isa = PBXFileReference; lastKnownFileType = sourcecode.swift; path = District.swift; sourceTree = "<group>"; };
		71822297290B47E100043F3F /* Moscow Districts.swift */ = {isa = PBXFileReference; lastKnownFileType = sourcecode.swift; path = "Moscow Districts.swift"; sourceTree = "<group>"; };
		71822299290B560400043F3F /* MapViewController.swift */ = {isa = PBXFileReference; lastKnownFileType = sourcecode.swift; path = MapViewController.swift; sourceTree = "<group>"; };
		7184B4B32909BFDC0051C162 /* training MVVM.app */ = {isa = PBXFileReference; explicitFileType = wrapper.application; includeInIndex = 0; path = "training MVVM.app"; sourceTree = BUILT_PRODUCTS_DIR; };
		7184B4B62909BFDC0051C162 /* AppDelegate.swift */ = {isa = PBXFileReference; lastKnownFileType = sourcecode.swift; path = AppDelegate.swift; sourceTree = "<group>"; };
		7184B4B82909BFDC0051C162 /* SceneDelegate.swift */ = {isa = PBXFileReference; lastKnownFileType = sourcecode.swift; path = SceneDelegate.swift; sourceTree = "<group>"; };
		7184B4BA2909BFDC0051C162 /* CityAreasViewController.swift */ = {isa = PBXFileReference; lastKnownFileType = sourcecode.swift; path = CityAreasViewController.swift; sourceTree = "<group>"; };
		7184B4C22909BFDD0051C162 /* Assets.xcassets */ = {isa = PBXFileReference; lastKnownFileType = folder.assetcatalog; path = Assets.xcassets; sourceTree = "<group>"; };
		7184B4C52909BFDD0051C162 /* Base */ = {isa = PBXFileReference; lastKnownFileType = file.storyboard; name = Base; path = Base.lproj/LaunchScreen.storyboard; sourceTree = "<group>"; };
		7184B4C72909BFDD0051C162 /* Info.plist */ = {isa = PBXFileReference; lastKnownFileType = text.plist.xml; path = Info.plist; sourceTree = "<group>"; };
		71C769AE290B258C00722E5E /* UIColor + Hex.swift */ = {isa = PBXFileReference; lastKnownFileType = sourcecode.swift; path = "UIColor + Hex.swift"; sourceTree = "<group>"; };
		71C769B0290B27F400722E5E /* CALayer + Shadow.swift */ = {isa = PBXFileReference; lastKnownFileType = sourcecode.swift; path = "CALayer + Shadow.swift"; sourceTree = "<group>"; };
		71C769B2290B2FC100722E5E /* UIView + Gradient.swift */ = {isa = PBXFileReference; lastKnownFileType = sourcecode.swift; path = "UIView + Gradient.swift"; sourceTree = "<group>"; };
		71CAAEC32911497E00466C47 /* CityAreaViewModel.swift */ = {isa = PBXFileReference; lastKnownFileType = sourcecode.swift; path = CityAreaViewModel.swift; sourceTree = "<group>"; };
		813D29389E7EAFBBD73CB31A /* Pods_training_MVVM.framework */ = {isa = PBXFileReference; explicitFileType = wrapper.framework; includeInIndex = 0; path = Pods_training_MVVM.framework; sourceTree = BUILT_PRODUCTS_DIR; };
		99246619C7480CF1F4392283 /* Pods-training MVVM.release.xcconfig */ = {isa = PBXFileReference; includeInIndex = 1; lastKnownFileType = text.xcconfig; name = "Pods-training MVVM.release.xcconfig"; path = "Target Support Files/Pods-training MVVM/Pods-training MVVM.release.xcconfig"; sourceTree = "<group>"; };
		FC4439DF4B1B8CBB7F1D9092 /* Pods-training MVVM.debug.xcconfig */ = {isa = PBXFileReference; includeInIndex = 1; lastKnownFileType = text.xcconfig; name = "Pods-training MVVM.debug.xcconfig"; path = "Target Support Files/Pods-training MVVM/Pods-training MVVM.debug.xcconfig"; sourceTree = "<group>"; };
/* End PBXFileReference section */

/* Begin PBXFrameworksBuildPhase section */
		7184B4B02909BFDC0051C162 /* Frameworks */ = {
			isa = PBXFrameworksBuildPhase;
			buildActionMask = 2147483647;
			files = (
				116C84A0E77F3A401EA98203 /* Pods_training_MVVM.framework in Frameworks */,
			);
			runOnlyForDeploymentPostprocessing = 0;
		};
/* End PBXFrameworksBuildPhase section */

/* Begin PBXGroup section */
		00FA396B3252B4AF5D11E4ED /* Pods */ = {
			isa = PBXGroup;
			children = (
				FC4439DF4B1B8CBB7F1D9092 /* Pods-training MVVM.debug.xcconfig */,
				99246619C7480CF1F4392283 /* Pods-training MVVM.release.xcconfig */,
			);
			path = Pods;
			sourceTree = "<group>";
		};
		71121E612909C12600A135D3 /* ViewControllers */ = {
			isa = PBXGroup;
			children = (
				7184B4BA2909BFDC0051C162 /* CityAreasViewController.swift */,
				7179E32C290F0F2600302785 /* AreaViewController.swift */,
				71822299290B560400043F3F /* MapViewController.swift */,
			);
			path = ViewControllers;
			sourceTree = "<group>";
		};
		71121E622909C12C00A135D3 /* Views */ = {
			isa = PBXGroup;
			children = (
				71121E632909C13D00A135D3 /* Cells */,
			);
			path = Views;
			sourceTree = "<group>";
		};
		71121E632909C13D00A135D3 /* Cells */ = {
			isa = PBXGroup;
			children = (
				71121E652909C4EC00A135D3 /* CityAreaTableViewCell.swift */,
			);
			path = Cells;
			sourceTree = "<group>";
		};
		71121E642909C1A600A135D3 /* Models */ = {
			isa = PBXGroup;
			children = (
				71121E692909C89900A135D3 /* Area.swift */,
				71822294290B40DC00043F3F /* District.swift */,
			);
			path = Models;
			sourceTree = "<group>";
		};
		71822296290B47CC00043F3F /* Data */ = {
			isa = PBXGroup;
			children = (
				71822297290B47E100043F3F /* Moscow Districts.swift */,
			);
			path = Data;
			sourceTree = "<group>";
		};
		7184B4AA2909BFDC0051C162 = {
			isa = PBXGroup;
			children = (
				7184B4B52909BFDC0051C162 /* training MVVM */,
				7184B4B42909BFDC0051C162 /* Products */,
				00FA396B3252B4AF5D11E4ED /* Pods */,
				B34A8393CE43AC3802688D3F /* Frameworks */,
			);
			sourceTree = "<group>";
		};
		7184B4B42909BFDC0051C162 /* Products */ = {
			isa = PBXGroup;
			children = (
				7184B4B32909BFDC0051C162 /* training MVVM.app */,
			);
			name = Products;
			sourceTree = "<group>";
		};
		7184B4B52909BFDC0051C162 /* training MVVM */ = {
			isa = PBXGroup;
			children = (
				7184B4CD2909C0060051C162 /* Supporting Files */,
				71822296290B47CC00043F3F /* Data */,
				71121E642909C1A600A135D3 /* Models */,
				71121E612909C12600A135D3 /* ViewControllers */,
				71121E622909C12C00A135D3 /* Views */,
				71CAAEC22911494A00466C47 /* ViewModels */,
				7184B4C72909BFDD0051C162 /* Info.plist */,
			);
			path = "training MVVM";
			sourceTree = "<group>";
		};
		7184B4CD2909C0060051C162 /* Supporting Files */ = {
			isa = PBXGroup;
			children = (
				71C769AD290B256D00722E5E /* Extensions */,
				7184B4B62909BFDC0051C162 /* AppDelegate.swift */,
				7184B4B82909BFDC0051C162 /* SceneDelegate.swift */,
				7184B4C22909BFDD0051C162 /* Assets.xcassets */,
				7184B4C42909BFDD0051C162 /* LaunchScreen.storyboard */,
			);
			path = "Supporting Files";
			sourceTree = "<group>";
		};
		71C769AD290B256D00722E5E /* Extensions */ = {
			isa = PBXGroup;
			children = (
				71C769AE290B258C00722E5E /* UIColor + Hex.swift */,
				71C769B0290B27F400722E5E /* CALayer + Shadow.swift */,
				71C769B2290B2FC100722E5E /* UIView + Gradient.swift */,
			);
			path = Extensions;
			sourceTree = "<group>";
		};
		71CAAEC22911494A00466C47 /* ViewModels */ = {
			isa = PBXGroup;
			children = (
				71CAAEC32911497E00466C47 /* CityAreaViewModel.swift */,
			);
			path = ViewModels;
			sourceTree = "<group>";
		};
		B34A8393CE43AC3802688D3F /* Frameworks */ = {
			isa = PBXGroup;
			children = (
				813D29389E7EAFBBD73CB31A /* Pods_training_MVVM.framework */,
			);
			name = Frameworks;
			sourceTree = "<group>";
		};
/* End PBXGroup section */

/* Begin PBXNativeTarget section */
		7184B4B22909BFDC0051C162 /* training MVVM */ = {
			isa = PBXNativeTarget;
			buildConfigurationList = 7184B4CA2909BFDD0051C162 /* Build configuration list for PBXNativeTarget "training MVVM" */;
			buildPhases = (
				D157BA93ADC746F19BFD092A /* [CP] Check Pods Manifest.lock */,
				7184B4AF2909BFDC0051C162 /* Sources */,
				7184B4B02909BFDC0051C162 /* Frameworks */,
				7184B4B12909BFDC0051C162 /* Resources */,
				15995067E03203335E1F1998 /* [CP] Embed Pods Frameworks */,
			);
			buildRules = (
			);
			dependencies = (
			);
			name = "training MVVM";
			productName = "training MVVM";
			productReference = 7184B4B32909BFDC0051C162 /* training MVVM.app */;
			productType = "com.apple.product-type.application";
		};
/* End PBXNativeTarget section */

/* Begin PBXProject section */
		7184B4AB2909BFDC0051C162 /* Project object */ = {
			isa = PBXProject;
			attributes = {
				BuildIndependentTargetsInParallel = 1;
				LastSwiftUpdateCheck = 1400;
				LastUpgradeCheck = 1400;
				TargetAttributes = {
					7184B4B22909BFDC0051C162 = {
						CreatedOnToolsVersion = 14.0.1;
					};
				};
			};
			buildConfigurationList = 7184B4AE2909BFDC0051C162 /* Build configuration list for PBXProject "training MVVM" */;
			compatibilityVersion = "Xcode 14.0";
			developmentRegion = en;
			hasScannedForEncodings = 0;
			knownRegions = (
				en,
				Base,
			);
			mainGroup = 7184B4AA2909BFDC0051C162;
			productRefGroup = 7184B4B42909BFDC0051C162 /* Products */;
			projectDirPath = "";
			projectRoot = "";
			targets = (
				7184B4B22909BFDC0051C162 /* training MVVM */,
			);
		};
/* End PBXProject section */

/* Begin PBXResourcesBuildPhase section */
		7184B4B12909BFDC0051C162 /* Resources */ = {
			isa = PBXResourcesBuildPhase;
			buildActionMask = 2147483647;
			files = (
				7184B4C62909BFDD0051C162 /* LaunchScreen.storyboard in Resources */,
				7184B4C32909BFDD0051C162 /* Assets.xcassets in Resources */,
			);
			runOnlyForDeploymentPostprocessing = 0;
		};
/* End PBXResourcesBuildPhase section */

/* Begin PBXShellScriptBuildPhase section */
		15995067E03203335E1F1998 /* [CP] Embed Pods Frameworks */ = {
			isa = PBXShellScriptBuildPhase;
			buildActionMask = 2147483647;
			files = (
			);
			inputFileListPaths = (
				"${PODS_ROOT}/Target Support Files/Pods-training MVVM/Pods-training MVVM-frameworks-${CONFIGURATION}-input-files.xcfilelist",
			);
			name = "[CP] Embed Pods Frameworks";
			outputFileListPaths = (
				"${PODS_ROOT}/Target Support Files/Pods-training MVVM/Pods-training MVVM-frameworks-${CONFIGURATION}-output-files.xcfilelist",
			);
			runOnlyForDeploymentPostprocessing = 0;
			shellPath = /bin/sh;
			shellScript = "\"${PODS_ROOT}/Target Support Files/Pods-training MVVM/Pods-training MVVM-frameworks.sh\"\n";
			showEnvVarsInLog = 0;
		};
		D157BA93ADC746F19BFD092A /* [CP] Check Pods Manifest.lock */ = {
			isa = PBXShellScriptBuildPhase;
			buildActionMask = 2147483647;
			files = (
			);
			inputFileListPaths = (
			);
			inputPaths = (
				"${PODS_PODFILE_DIR_PATH}/Podfile.lock",
				"${PODS_ROOT}/Manifest.lock",
			);
			name = "[CP] Check Pods Manifest.lock";
			outputFileListPaths = (
			);
			outputPaths = (
				"$(DERIVED_FILE_DIR)/Pods-training MVVM-checkManifestLockResult.txt",
			);
			runOnlyForDeploymentPostprocessing = 0;
			shellPath = /bin/sh;
			shellScript = "diff \"${PODS_PODFILE_DIR_PATH}/Podfile.lock\" \"${PODS_ROOT}/Manifest.lock\" > /dev/null\nif [ $? != 0 ] ; then\n    # print error to STDERR\n    echo \"error: The sandbox is not in sync with the Podfile.lock. Run 'pod install' or update your CocoaPods installation.\" >&2\n    exit 1\nfi\n# This output is used by Xcode 'outputs' to avoid re-running this script phase.\necho \"SUCCESS\" > \"${SCRIPT_OUTPUT_FILE_0}\"\n";
			showEnvVarsInLog = 0;
		};
/* End PBXShellScriptBuildPhase section */

/* Begin PBXSourcesBuildPhase section */
		7184B4AF2909BFDC0051C162 /* Sources */ = {
			isa = PBXSourcesBuildPhase;
			buildActionMask = 2147483647;
			files = (
				7182229A290B560400043F3F /* MapViewController.swift in Sources */,
				71C769AF290B258C00722E5E /* UIColor + Hex.swift in Sources */,
				7184B4BB2909BFDC0051C162 /* CityAreasViewController.swift in Sources */,
				71822298290B47E100043F3F /* Moscow Districts.swift in Sources */,
				71C769B1290B27F400722E5E /* CALayer + Shadow.swift in Sources */,
				7184B4B72909BFDC0051C162 /* AppDelegate.swift in Sources */,
				7184B4B92909BFDC0051C162 /* SceneDelegate.swift in Sources */,
				7179E32D290F0F2600302785 /* AreaViewController.swift in Sources */,
				71121E6A2909C89900A135D3 /* Area.swift in Sources */,
				71121E662909C4EC00A135D3 /* CityAreaTableViewCell.swift in Sources */,
				71CAAEC42911497E00466C47 /* CityAreaViewModel.swift in Sources */,
				71822295290B40DC00043F3F /* District.swift in Sources */,
				71C769B3290B2FC100722E5E /* UIView + Gradient.swift in Sources */,
			);
			runOnlyForDeploymentPostprocessing = 0;
		};
/* End PBXSourcesBuildPhase section */

/* Begin PBXVariantGroup section */
		7184B4C42909BFDD0051C162 /* LaunchScreen.storyboard */ = {
			isa = PBXVariantGroup;
			children = (
				7184B4C52909BFDD0051C162 /* Base */,
			);
			name = LaunchScreen.storyboard;
			sourceTree = "<group>";
		};
/* End PBXVariantGroup section */

/* Begin XCBuildConfiguration section */
		7184B4C82909BFDD0051C162 /* Debug */ = {
			isa = XCBuildConfiguration;
			buildSettings = {
				ALWAYS_SEARCH_USER_PATHS = NO;
				CLANG_ANALYZER_NONNULL = YES;
				CLANG_ANALYZER_NUMBER_OBJECT_CONVERSION = YES_AGGRESSIVE;
				CLANG_CXX_LANGUAGE_STANDARD = "gnu++20";
				CLANG_ENABLE_MODULES = YES;
				CLANG_ENABLE_OBJC_ARC = YES;
				CLANG_ENABLE_OBJC_WEAK = YES;
				CLANG_WARN_BLOCK_CAPTURE_AUTORELEASING = YES;
				CLANG_WARN_BOOL_CONVERSION = YES;
				CLANG_WARN_COMMA = YES;
				CLANG_WARN_CONSTANT_CONVERSION = YES;
				CLANG_WARN_DEPRECATED_OBJC_IMPLEMENTATIONS = YES;
				CLANG_WARN_DIRECT_OBJC_ISA_USAGE = YES_ERROR;
				CLANG_WARN_DOCUMENTATION_COMMENTS = YES;
				CLANG_WARN_EMPTY_BODY = YES;
				CLANG_WARN_ENUM_CONVERSION = YES;
				CLANG_WARN_INFINITE_RECURSION = YES;
				CLANG_WARN_INT_CONVERSION = YES;
				CLANG_WARN_NON_LITERAL_NULL_CONVERSION = YES;
				CLANG_WARN_OBJC_IMPLICIT_RETAIN_SELF = YES;
				CLANG_WARN_OBJC_LITERAL_CONVERSION = YES;
				CLANG_WARN_OBJC_ROOT_CLASS = YES_ERROR;
				CLANG_WARN_QUOTED_INCLUDE_IN_FRAMEWORK_HEADER = YES;
				CLANG_WARN_RANGE_LOOP_ANALYSIS = YES;
				CLANG_WARN_STRICT_PROTOTYPES = YES;
				CLANG_WARN_SUSPICIOUS_MOVE = YES;
				CLANG_WARN_UNGUARDED_AVAILABILITY = YES_AGGRESSIVE;
				CLANG_WARN_UNREACHABLE_CODE = YES;
				CLANG_WARN__DUPLICATE_METHOD_MATCH = YES;
				COPY_PHASE_STRIP = NO;
				DEBUG_INFORMATION_FORMAT = dwarf;
				ENABLE_STRICT_OBJC_MSGSEND = YES;
				ENABLE_TESTABILITY = YES;
				GCC_C_LANGUAGE_STANDARD = gnu11;
				GCC_DYNAMIC_NO_PIC = NO;
				GCC_NO_COMMON_BLOCKS = YES;
				GCC_OPTIMIZATION_LEVEL = 0;
				GCC_PREPROCESSOR_DEFINITIONS = (
					"DEBUG=1",
					"$(inherited)",
				);
				GCC_WARN_64_TO_32_BIT_CONVERSION = YES;
				GCC_WARN_ABOUT_RETURN_TYPE = YES_ERROR;
				GCC_WARN_UNDECLARED_SELECTOR = YES;
				GCC_WARN_UNINITIALIZED_AUTOS = YES_AGGRESSIVE;
				GCC_WARN_UNUSED_FUNCTION = YES;
				GCC_WARN_UNUSED_VARIABLE = YES;
				IPHONEOS_DEPLOYMENT_TARGET = 16.0;
				MTL_ENABLE_DEBUG_INFO = INCLUDE_SOURCE;
				MTL_FAST_MATH = YES;
				ONLY_ACTIVE_ARCH = YES;
				SDKROOT = iphoneos;
				SWIFT_ACTIVE_COMPILATION_CONDITIONS = DEBUG;
				SWIFT_OPTIMIZATION_LEVEL = "-Onone";
			};
			name = Debug;
		};
		7184B4C92909BFDD0051C162 /* Release */ = {
			isa = XCBuildConfiguration;
			buildSettings = {
				ALWAYS_SEARCH_USER_PATHS = NO;
				CLANG_ANALYZER_NONNULL = YES;
				CLANG_ANALYZER_NUMBER_OBJECT_CONVERSION = YES_AGGRESSIVE;
				CLANG_CXX_LANGUAGE_STANDARD = "gnu++20";
				CLANG_ENABLE_MODULES = YES;
				CLANG_ENABLE_OBJC_ARC = YES;
				CLANG_ENABLE_OBJC_WEAK = YES;
				CLANG_WARN_BLOCK_CAPTURE_AUTORELEASING = YES;
				CLANG_WARN_BOOL_CONVERSION = YES;
				CLANG_WARN_COMMA = YES;
				CLANG_WARN_CONSTANT_CONVERSION = YES;
				CLANG_WARN_DEPRECATED_OBJC_IMPLEMENTATIONS = YES;
				CLANG_WARN_DIRECT_OBJC_ISA_USAGE = YES_ERROR;
				CLANG_WARN_DOCUMENTATION_COMMENTS = YES;
				CLANG_WARN_EMPTY_BODY = YES;
				CLANG_WARN_ENUM_CONVERSION = YES;
				CLANG_WARN_INFINITE_RECURSION = YES;
				CLANG_WARN_INT_CONVERSION = YES;
				CLANG_WARN_NON_LITERAL_NULL_CONVERSION = YES;
				CLANG_WARN_OBJC_IMPLICIT_RETAIN_SELF = YES;
				CLANG_WARN_OBJC_LITERAL_CONVERSION = YES;
				CLANG_WARN_OBJC_ROOT_CLASS = YES_ERROR;
				CLANG_WARN_QUOTED_INCLUDE_IN_FRAMEWORK_HEADER = YES;
				CLANG_WARN_RANGE_LOOP_ANALYSIS = YES;
				CLANG_WARN_STRICT_PROTOTYPES = YES;
				CLANG_WARN_SUSPICIOUS_MOVE = YES;
				CLANG_WARN_UNGUARDED_AVAILABILITY = YES_AGGRESSIVE;
				CLANG_WARN_UNREACHABLE_CODE = YES;
				CLANG_WARN__DUPLICATE_METHOD_MATCH = YES;
				COPY_PHASE_STRIP = NO;
				DEBUG_INFORMATION_FORMAT = "dwarf-with-dsym";
				ENABLE_NS_ASSERTIONS = NO;
				ENABLE_STRICT_OBJC_MSGSEND = YES;
				GCC_C_LANGUAGE_STANDARD = gnu11;
				GCC_NO_COMMON_BLOCKS = YES;
				GCC_WARN_64_TO_32_BIT_CONVERSION = YES;
				GCC_WARN_ABOUT_RETURN_TYPE = YES_ERROR;
				GCC_WARN_UNDECLARED_SELECTOR = YES;
				GCC_WARN_UNINITIALIZED_AUTOS = YES_AGGRESSIVE;
				GCC_WARN_UNUSED_FUNCTION = YES;
				GCC_WARN_UNUSED_VARIABLE = YES;
				IPHONEOS_DEPLOYMENT_TARGET = 16.0;
				MTL_ENABLE_DEBUG_INFO = NO;
				MTL_FAST_MATH = YES;
				SDKROOT = iphoneos;
				SWIFT_COMPILATION_MODE = wholemodule;
				SWIFT_OPTIMIZATION_LEVEL = "-O";
				VALIDATE_PRODUCT = YES;
			};
			name = Release;
		};
		7184B4CB2909BFDD0051C162 /* Debug */ = {
			isa = XCBuildConfiguration;
			baseConfigurationReference = FC4439DF4B1B8CBB7F1D9092 /* Pods-training MVVM.debug.xcconfig */;
			buildSettings = {
				ASSETCATALOG_COMPILER_APPICON_NAME = AppIcon;
				ASSETCATALOG_COMPILER_GLOBAL_ACCENT_COLOR_NAME = AccentColor;
				CODE_SIGN_STYLE = Automatic;
				CURRENT_PROJECT_VERSION = 1;
				DEVELOPMENT_TEAM = Q4YDTP8UWA;
				GENERATE_INFOPLIST_FILE = YES;
				INFOPLIST_FILE = "training MVVM/Info.plist";
				INFOPLIST_KEY_UIApplicationSupportsIndirectInputEvents = YES;
				INFOPLIST_KEY_UILaunchStoryboardName = "";
				INFOPLIST_KEY_UISupportedInterfaceOrientations = "UIInterfaceOrientationLandscapeLeft UIInterfaceOrientationLandscapeRight UIInterfaceOrientationPortrait";
				INFOPLIST_KEY_UISupportedInterfaceOrientations_iPad = UIInterfaceOrientationPortrait;
				LD_RUNPATH_SEARCH_PATHS = (
					"$(inherited)",
					"@executable_path/Frameworks",
				);
				MARKETING_VERSION = 1.0;
				PRODUCT_BUNDLE_IDENTIFIER = "ru.BogdanBarinov.training-MVVM";
				PRODUCT_NAME = "$(TARGET_NAME)";
				SWIFT_EMIT_LOC_STRINGS = YES;
				SWIFT_VERSION = 5.0;
				TARGETED_DEVICE_FAMILY = "1,2";
			};
			name = Debug;
		};
		7184B4CC2909BFDD0051C162 /* Release */ = {
			isa = XCBuildConfiguration;
			baseConfigurationReference = 99246619C7480CF1F4392283 /* Pods-training MVVM.release.xcconfig */;
			buildSettings = {
				ASSETCATALOG_COMPILER_APPICON_NAME = AppIcon;
				ASSETCATALOG_COMPILER_GLOBAL_ACCENT_COLOR_NAME = AccentColor;
				CODE_SIGN_STYLE = Automatic;
				CURRENT_PROJECT_VERSION = 1;
				DEVELOPMENT_TEAM = Q4YDTP8UWA;
				GENERATE_INFOPLIST_FILE = YES;
				INFOPLIST_FILE = "training MVVM/Info.plist";
				INFOPLIST_KEY_UIApplicationSupportsIndirectInputEvents = YES;
				INFOPLIST_KEY_UILaunchStoryboardName = "";
				INFOPLIST_KEY_UISupportedInterfaceOrientations = "UIInterfaceOrientationLandscapeLeft UIInterfaceOrientationLandscapeRight UIInterfaceOrientationPortrait";
				INFOPLIST_KEY_UISupportedInterfaceOrientations_iPad = UIInterfaceOrientationPortrait;
				LD_RUNPATH_SEARCH_PATHS = (
					"$(inherited)",
					"@executable_path/Frameworks",
				);
				MARKETING_VERSION = 1.0;
				PRODUCT_BUNDLE_IDENTIFIER = "ru.BogdanBarinov.training-MVVM";
				PRODUCT_NAME = "$(TARGET_NAME)";
				SWIFT_EMIT_LOC_STRINGS = YES;
				SWIFT_VERSION = 5.0;
				TARGETED_DEVICE_FAMILY = "1,2";
			};
			name = Release;
		};
/* End XCBuildConfiguration section */

/* Begin XCConfigurationList section */
		7184B4AE2909BFDC0051C162 /* Build configuration list for PBXProject "training MVVM" */ = {
			isa = XCConfigurationList;
			buildConfigurations = (
				7184B4C82909BFDD0051C162 /* Debug */,
				7184B4C92909BFDD0051C162 /* Release */,
			);
			defaultConfigurationIsVisible = 0;
			defaultConfigurationName = Release;
		};
		7184B4CA2909BFDD0051C162 /* Build configuration list for PBXNativeTarget "training MVVM" */ = {
			isa = XCConfigurationList;
			buildConfigurations = (
				7184B4CB2909BFDD0051C162 /* Debug */,
				7184B4CC2909BFDD0051C162 /* Release */,
			);
			defaultConfigurationIsVisible = 0;
			defaultConfigurationName = Release;
		};
/* End XCConfigurationList section */
	};
	rootObject = 7184B4AB2909BFDC0051C162 /* Project object */;
}
